
Microsoft Visual Studio Solution File, Format Version 12.00
# Visual Studio Version 16
VisualStudioVersion = 16.0.30204.135
MinimumVisualStudioVersion = 10.0.40219.1
Project("{FAE04EC0-301F-11D3-BF4B-00C04F79EFBC}") = "HONO", "HONO.csproj", "{2E0A0364-92B3-4010-8D61-C4886EAA5B3B}"
EndProject
Global
	GlobalSection(SolutionConfigurationPlatforms) = preSolution
		Debug|Any CPU = Debug|Any CPU
		Release|Any CPU = Release|Any CPU
	EndGlobalSection
	GlobalSection(ProjectConfigurationPlatforms) = postSolution
		{2E0A0364-92B3-4010-8D61-C4886EAA5B3B}.Debug|Any CPU.ActiveCfg = Debug|Any CPU
		{2E0A0364-92B3-4010-8D61-C4886EAA5B3B}.Debug|Any CPU.Build.0 = Debug|Any CPU
		{2E0A0364-92B3-4010-8D61-C4886EAA5B3B}.Release|Any CPU.ActiveCfg = Release|Any CPU
		{2E0A0364-92B3-4010-8D61-C4886EAA5B3B}.Release|Any CPU.Build.0 = Release|Any CPU
	EndGlobalSection
	GlobalSection(SolutionProperties) = preSolution
		HideSolutionNode = FALSE
	EndGlobalSection
	GlobalSection(ExtensibilityGlobals) = postSolution
		SolutionGuid = {C4CFA7DE-8BE5-4101-8BE7-C9A2B084A49A}
	EndGlobalSection
EndGlobal
